
Microsoft Visual Studio Solution File, Format Version 12.00
# Visual Studio Version 17
VisualStudioVersion = 17.5.33424.131
MinimumVisualStudioVersion = 10.0.40219.1
Project("{FAE04EC0-301F-11D3-BF4B-00C04F79EFBC}") = "cs0419", "cs0419\cs0419.csproj", "{651E72B1-285B-4970-B088-9DC23C717199}"
EndProject
Global
	GlobalSection(SolutionConfigurationPlatforms) = preSolution
		Debug|Any CPU = Debug|Any CPU
		Release|Any CPU = Release|Any CPU
	EndGlobalSection
	GlobalSection(ProjectConfigurationPlatforms) = postSolution
		{651E72B1-285B-4970-B088-9DC23C717199}.Debug|Any CPU.ActiveCfg = Debug|Any CPU
		{651E72B1-285B-4970-B088-9DC23C717199}.Debug|Any CPU.Build.0 = Debug|Any CPU
		{651E72B1-285B-4970-B088-9DC23C717199}.Release|Any CPU.ActiveCfg = Release|Any CPU
		{651E72B1-285B-4970-B088-9DC23C717199}.Release|Any CPU.Build.0 = Release|Any CPU
	EndGlobalSection
	GlobalSection(SolutionProperties) = preSolution
		HideSolutionNode = FALSE
	EndGlobalSection
	GlobalSection(ExtensibilityGlobals) = postSolution
		SolutionGuid = {61395B48-5697-4B5B-AEF5-9E32D1714F53}
	EndGlobalSection
EndGlobal
