
Microsoft Visual Studio Solution File, Format Version 12.00
# Visual Studio Version 17
VisualStudioVersion = 17.5.33424.131
MinimumVisualStudioVersion = 10.0.40219.1
Project("{FAE04EC0-301F-11D3-BF4B-00C04F79EFBC}") = "cs0426", "cs0426\cs0426.csproj", "{5F76AA73-D551-4CD9-A030-38155E97FFE9}"
EndProject
Global
	GlobalSection(SolutionConfigurationPlatforms) = preSolution
		Debug|Any CPU = Debug|Any CPU
		Release|Any CPU = Release|Any CPU
	EndGlobalSection
	GlobalSection(ProjectConfigurationPlatforms) = postSolution
		{5F76AA73-D551-4CD9-A030-38155E97FFE9}.Debug|Any CPU.ActiveCfg = Debug|Any CPU
		{5F76AA73-D551-4CD9-A030-38155E97FFE9}.Debug|Any CPU.Build.0 = Debug|Any CPU
		{5F76AA73-D551-4CD9-A030-38155E97FFE9}.Release|Any CPU.ActiveCfg = Release|Any CPU
		{5F76AA73-D551-4CD9-A030-38155E97FFE9}.Release|Any CPU.Build.0 = Release|Any CPU
	EndGlobalSection
	GlobalSection(SolutionProperties) = preSolution
		HideSolutionNode = FALSE
	EndGlobalSection
	GlobalSection(ExtensibilityGlobals) = postSolution
		SolutionGuid = {CE955D11-DE94-46DE-B169-1E22E20CB2CF}
	EndGlobalSection
EndGlobal
